
Microsoft Visual Studio Solution File, Format Version 12.00
# Visual Studio Version 16
VisualStudioVersion = 16.0.31005.135
MinimumVisualStudioVersion = 10.0.40219.1
Project("{8BC9CEB8-8B4A-11D0-8D11-00A0C91BC942}") = "Lecture_1", "Lecture_1\Lecture_1.vcxproj", "{2C47B093-D9C5-42AF-9FA5-9F9A391A3B4B}"
EndProject
Project("{8BC9CEB8-8B4A-11D0-8D11-00A0C91BC942}") = "Lecture_2", "Lecture_2\Lecture_2.vcxproj", "{99E47705-FC50-4D36-B7A8-947BE832B299}"
EndProject
Global
	GlobalSection(SolutionConfigurationPlatforms) = preSolution
		Debug|x64 = Debug|x64
		Debug|x86 = Debug|x86
		Release|x64 = Release|x64
		Release|x86 = Release|x86
	EndGlobalSection
	GlobalSection(ProjectConfigurationPlatforms) = postSolution
		{2C47B093-D9C5-42AF-9FA5-9F9A391A3B4B}.Debug|x64.ActiveCfg = Debug|x64
		{2C47B093-D9C5-42AF-9FA5-9F9A391A3B4B}.Debug|x64.Build.0 = Debug|x64
		{2C47B093-D9C5-42AF-9FA5-9F9A391A3B4B}.Debug|x86.ActiveCfg = Debug|Win32
		{2C47B093-D9C5-42AF-9FA5-9F9A391A3B4B}.Debug|x86.Build.0 = Debug|Win32
		{2C47B093-D9C5-42AF-9FA5-9F9A391A3B4B}.Release|x64.ActiveCfg = Release|x64
		{2C47B093-D9C5-42AF-9FA5-9F9A391A3B4B}.Release|x64.Build.0 = Release|x64
		{2C47B093-D9C5-42AF-9FA5-9F9A391A3B4B}.Release|x86.ActiveCfg = Release|Win32
		{2C47B093-D9C5-42AF-9FA5-9F9A391A3B4B}.Release|x86.Build.0 = Release|Win32
		{99E47705-FC50-4D36-B7A8-947BE832B299}.Debug|x64.ActiveCfg = Debug|x64
		{99E47705-FC50-4D36-B7A8-947BE832B299}.Debug|x64.Build.0 = Debug|x64
		{99E47705-FC50-4D36-B7A8-947BE832B299}.Debug|x86.ActiveCfg = Debug|Win32
		{99E47705-FC50-4D36-B7A8-947BE832B299}.Debug|x86.Build.0 = Debug|Win32
		{99E47705-FC50-4D36-B7A8-947BE832B299}.Release|x64.ActiveCfg = Release|x64
		{99E47705-FC50-4D36-B7A8-947BE832B299}.Release|x64.Build.0 = Release|x64
		{99E47705-FC50-4D36-B7A8-947BE832B299}.Release|x86.ActiveCfg = Release|Win32
		{99E47705-FC50-4D36-B7A8-947BE832B299}.Release|x86.Build.0 = Release|Win32
	EndGlobalSection
	GlobalSection(SolutionProperties) = preSolution
		HideSolutionNode = FALSE
	EndGlobalSection
	GlobalSection(ExtensibilityGlobals) = postSolution
		SolutionGuid = {66854989-37D9-4F46-9B18-36289BF0C886}
	EndGlobalSection
EndGlobal
